{
  "name": "node.js-csv-to-json-parser",
  "version": "1.0.0",
  "lockfileVersion": 3,
  "requires": true,
  "packages": {
    "": {
      "name": "node.js-csv-to-json-parser",
      "version": "1.0.0",
      "license": "ISC",
      "dependencies": {
        "uuid": "^11.0.2"
      },
      "devDependencies": {
        "@faker-js/faker": "^9.0.3"
      }
    },
    "node_modules/@faker-js/faker": {
      "version": "9.0.3",
      "resolved": "https://registry.npmjs.org/@faker-js/faker/-/faker-9.0.3.tgz",
      "integrity": "sha512-lWrrK4QNlFSU+13PL9jMbMKLJYXDFu3tQfayBsMXX7KL/GiQeqfB1CzHkqD5UHBUtPAuPo6XwGbMFNdVMZObRA==",
      "dev": true,
      "funding": [
        {
          "type": "opencollective",
          "url": "https://opencollective.com/fakerjs"
        }
      ],
      "engines": {
        "node": ">=18.0.0",
        "npm": ">=9.0.0"
      }
    },
    "node_modules/uuid": {
      "version": "11.0.2",
      "resolved": "https://registry.npmjs.org/uuid/-/uuid-11.0.2.tgz",
      "integrity": "sha512-14FfcOJmqdjbBPdDjFQyk/SdT4NySW4eM0zcG+HqbHP5jzuH56xO3J1DGhgs/cEMCfwYi3HQI1gnTO62iaG+tQ==",
      "funding": [
        "https://github.com/sponsors/broofa",
        "https://github.com/sponsors/ctavan"
      ],
      "bin": {
        "uuid": "dist/esm/bin/uuid"
      }
    }
  }
}
